{
  "name": "8. promises",
  "lockfileVersion": 3,
  "requires": true,
  "packages": {
    "": {
      "dependencies": {
        "logified": "^1.0.0"
      }
    },
    "node_modules/logified": {
      "version": "1.0.0",
      "resolved": "https://registry.npmjs.org/logified/-/logified-1.0.0.tgz",
      "integrity": "sha512-pVl09o7Tl58wE77dCi6qO/DaMWS0V7n3kCEcTCbzSFuEqPGoqi7AFLKc3v1clW2b9N9X+YZzFcLGj+6r62z3gA==",
      "license": "MIT"
    }
  }
}
